
Microsoft Visual Studio Solution File, Format Version 12.00
# Visual Studio Version 16
VisualStudioVersion = 16.0.29318.209
MinimumVisualStudioVersion = 10.0.40219.1
Project("{FAE04EC0-301F-11D3-BF4B-00C04F79EFBC}") = "CSharp_Basics", "CSharp_Basics\CSharp_Basics.csproj", "{648D1B14-D6D4-4B9B-ADCA-198954FBAAA7}"
EndProject
Project("{FAE04EC0-301F-11D3-BF4B-00C04F79EFBC}") = "Calculator", "Calculator\Calculator.csproj", "{99673F03-7EDF-4C25-9602-754E0C9A7FD6}"
EndProject
Project("{FAE04EC0-301F-11D3-BF4B-00C04F79EFBC}") = "CalculatorTests", "CalculatorTests\CalculatorTests.csproj", "{93DD8BAD-E143-4382-8C0A-284A02E66652}"
EndProject
Project("{FAE04EC0-301F-11D3-BF4B-00C04F79EFBC}") = "Selenium", "Selenium\Selenium.csproj", "{B89E5039-829D-4111-B6A5-48F37834325E}"
EndProject
Global
	GlobalSection(SolutionConfigurationPlatforms) = preSolution
		Debug|Any CPU = Debug|Any CPU
		DEV|Any CPU = DEV|Any CPU
		Release|Any CPU = Release|Any CPU
	EndGlobalSection
	GlobalSection(ProjectConfigurationPlatforms) = postSolution
		{648D1B14-D6D4-4B9B-ADCA-198954FBAAA7}.Debug|Any CPU.ActiveCfg = Debug|Any CPU
		{648D1B14-D6D4-4B9B-ADCA-198954FBAAA7}.Debug|Any CPU.Build.0 = Debug|Any CPU
		{648D1B14-D6D4-4B9B-ADCA-198954FBAAA7}.DEV|Any CPU.ActiveCfg = DEV|Any CPU
		{648D1B14-D6D4-4B9B-ADCA-198954FBAAA7}.DEV|Any CPU.Build.0 = DEV|Any CPU
		{648D1B14-D6D4-4B9B-ADCA-198954FBAAA7}.Release|Any CPU.ActiveCfg = Release|Any CPU
		{648D1B14-D6D4-4B9B-ADCA-198954FBAAA7}.Release|Any CPU.Build.0 = Release|Any CPU
		{99673F03-7EDF-4C25-9602-754E0C9A7FD6}.Debug|Any CPU.ActiveCfg = Debug|Any CPU
		{99673F03-7EDF-4C25-9602-754E0C9A7FD6}.Debug|Any CPU.Build.0 = Debug|Any CPU
		{99673F03-7EDF-4C25-9602-754E0C9A7FD6}.DEV|Any CPU.ActiveCfg = DEV|Any CPU
		{99673F03-7EDF-4C25-9602-754E0C9A7FD6}.DEV|Any CPU.Build.0 = DEV|Any CPU
		{99673F03-7EDF-4C25-9602-754E0C9A7FD6}.Release|Any CPU.ActiveCfg = Release|Any CPU
		{99673F03-7EDF-4C25-9602-754E0C9A7FD6}.Release|Any CPU.Build.0 = Release|Any CPU
		{93DD8BAD-E143-4382-8C0A-284A02E66652}.Debug|Any CPU.ActiveCfg = Debug|Any CPU
		{93DD8BAD-E143-4382-8C0A-284A02E66652}.Debug|Any CPU.Build.0 = Debug|Any CPU
		{93DD8BAD-E143-4382-8C0A-284A02E66652}.DEV|Any CPU.ActiveCfg = DEV|Any CPU
		{93DD8BAD-E143-4382-8C0A-284A02E66652}.DEV|Any CPU.Build.0 = DEV|Any CPU
		{93DD8BAD-E143-4382-8C0A-284A02E66652}.Release|Any CPU.ActiveCfg = Release|Any CPU
		{93DD8BAD-E143-4382-8C0A-284A02E66652}.Release|Any CPU.Build.0 = Release|Any CPU
		{B89E5039-829D-4111-B6A5-48F37834325E}.Debug|Any CPU.ActiveCfg = Debug|Any CPU
		{B89E5039-829D-4111-B6A5-48F37834325E}.Debug|Any CPU.Build.0 = Debug|Any CPU
		{B89E5039-829D-4111-B6A5-48F37834325E}.DEV|Any CPU.ActiveCfg = DEV|Any CPU
		{B89E5039-829D-4111-B6A5-48F37834325E}.DEV|Any CPU.Build.0 = DEV|Any CPU
		{B89E5039-829D-4111-B6A5-48F37834325E}.Release|Any CPU.ActiveCfg = Release|Any CPU
		{B89E5039-829D-4111-B6A5-48F37834325E}.Release|Any CPU.Build.0 = Release|Any CPU
	EndGlobalSection
	GlobalSection(SolutionProperties) = preSolution
		HideSolutionNode = FALSE
	EndGlobalSection
	GlobalSection(ExtensibilityGlobals) = postSolution
		SolutionGuid = {F1979923-58CD-4565-9AD0-A4317DF08E4B}
	EndGlobalSection
EndGlobal
